// !$*UTF8*$!
{
	archiveVersion = 1;
	classes = {
	};
	objectVersion = 46;
	objects = {

/* Begin PBXBuildFile section */
		1D0F62AE14C61AC900AB1EE9 /* UIKit.framework in Frameworks */ = {isa = PBXBuildFile; fileRef = 1D0F623414C617EA00AB1EE9 /* UIKit.framework */; };
		1D0F62AF14C61AC900AB1EE9 /* Foundation.framework in Frameworks */ = {isa = PBXBuildFile; fileRef = 1D0F623614C617EA00AB1EE9 /* Foundation.framework */; };
		1D0F62B014C61AC900AB1EE9 /* CoreGraphics.framework in Frameworks */ = {isa = PBXBuildFile; fileRef = 1D0F623814C617EA00AB1EE9 /* CoreGraphics.framework */; };
		1D0F62B614C61AC900AB1EE9 /* InfoPlist.strings in Resources */ = {isa = PBXBuildFile; fileRef = 1D0F62B414C61AC900AB1EE9 /* InfoPlist.strings */; };
		1D0F62B814C61AC900AB1EE9 /* main.m in Sources */ = {isa = PBXBuildFile; fileRef = 1D0F62B714C61AC900AB1EE9 /* main.m */; };
		1D0F62C114C61B3B00AB1EE9 /* CsvLoader.m in Sources */ = {isa = PBXBuildFile; fileRef = 1D0F626414C619D100AB1EE9 /* CsvLoader.m */; };
		1D0F62C214C61B4500AB1EE9 /* testdata.csv in Resources */ = {isa = PBXBuildFile; fileRef = 1D0F626514C619D100AB1EE9 /* testdata.csv */; };
		1D0F62C514C61B6700AB1EE9 /* CsvLoaderTest.m in Sources */ = {isa = PBXBuildFile; fileRef = 1D0F62C414C61B6700AB1EE9 /* CsvLoaderTest.m */; };
		1D0F62C914C61CD100AB1EE9 /* GHUnitIOS.framework in Frameworks */ = {isa = PBXBuildFile; fileRef = 1D0F62C814C61CD100AB1EE9 /* GHUnitIOS.framework */; };
/* End PBXBuildFile section */

/* Begin PBXFileReference section */
		1D0F623414C617EA00AB1EE9 /* UIKit.framework */ = {isa = PBXFileReference; lastKnownFileType = wrapper.framework; name = UIKit.framework; path = System/Library/Frameworks/UIKit.framework; sourceTree = SDKROOT; };
		1D0F623614C617EA00AB1EE9 /* Foundation.framework */ = {isa = PBXFileReference; lastKnownFileType = wrapper.framework; name = Foundation.framework; path = System/Library/Frameworks/Foundation.framework; sourceTree = SDKROOT; };
		1D0F623814C617EA00AB1EE9 /* CoreGraphics.framework */ = {isa = PBXFileReference; lastKnownFileType = wrapper.framework; name = CoreGraphics.framework; path = System/Library/Frameworks/CoreGraphics.framework; sourceTree = SDKROOT; };
		1D0F624C14C617EB00AB1EE9 /* SenTestingKit.framework */ = {isa = PBXFileReference; lastKnownFileType = wrapper.framework; name = SenTestingKit.framework; path = Library/Frameworks/SenTestingKit.framework; sourceTree = DEVELOPER_DIR; };
		1D0F626314C619D100AB1EE9 /* CsvLoader.h */ = {isa = PBXFileReference; fileEncoding = 4; lastKnownFileType = sourcecode.c.h; path = CsvLoader.h; sourceTree = "<group>"; };
		1D0F626414C619D100AB1EE9 /* CsvLoader.m */ = {isa = PBXFileReference; fileEncoding = 4; lastKnownFileType = sourcecode.c.objc; path = CsvLoader.m; sourceTree = "<group>"; };
		1D0F626514C619D100AB1EE9 /* testdata.csv */ = {isa = PBXFileReference; fileEncoding = 4; lastKnownFileType = text; path = testdata.csv; sourceTree = "<group>"; };
		1D0F62AC14C61AC900AB1EE9 /* GHUnitTest.app */ = {isa = PBXFileReference; explicitFileType = wrapper.application; includeInIndex = 0; path = GHUnitTest.app; sourceTree = BUILT_PRODUCTS_DIR; };
		1D0F62B314C61AC900AB1EE9 /* GHUnitTest-Info.plist */ = {isa = PBXFileReference; lastKnownFileType = text.plist.xml; path = "GHUnitTest-Info.plist"; sourceTree = "<group>"; };
		1D0F62B514C61AC900AB1EE9 /* en */ = {isa = PBXFileReference; lastKnownFileType = text.plist.strings; name = en; path = en.lproj/InfoPlist.strings; sourceTree = "<group>"; };
		1D0F62B714C61AC900AB1EE9 /* main.m */ = {isa = PBXFileReference; lastKnownFileType = sourcecode.c.objc; path = main.m; sourceTree = "<group>"; };
		1D0F62B914C61AC900AB1EE9 /* GHUnitTest-Prefix.pch */ = {isa = PBXFileReference; lastKnownFileType = sourcecode.c.h; path = "GHUnitTest-Prefix.pch"; sourceTree = "<group>"; };
		1D0F62C414C61B6700AB1EE9 /* CsvLoaderTest.m */ = {isa = PBXFileReference; fileEncoding = 4; lastKnownFileType = sourcecode.c.objc; path = CsvLoaderTest.m; sourceTree = "<group>"; };
		1D0F62C814C61CD100AB1EE9 /* GHUnitIOS.framework */ = {isa = PBXFileReference; lastKnownFileType = wrapper.framework; name = GHUnitIOS.framework; path = "../ios-frameworks/GHUnitIOS.framework"; sourceTree = "<group>"; };
/* End PBXFileReference section */

/* Begin PBXFrameworksBuildPhase section */
		1D0F62A914C61AC900AB1EE9 /* Frameworks */ = {
			isa = PBXFrameworksBuildPhase;
			buildActionMask = 2147483647;
			files = (
				1D0F62AE14C61AC900AB1EE9 /* UIKit.framework in Frameworks */,
				1D0F62AF14C61AC900AB1EE9 /* Foundation.framework in Frameworks */,
				1D0F62B014C61AC900AB1EE9 /* CoreGraphics.framework in Frameworks */,
				1D0F62C914C61CD100AB1EE9 /* GHUnitIOS.framework in Frameworks */,
			);
			runOnlyForDeploymentPostprocessing = 0;
		};
/* End PBXFrameworksBuildPhase section */

/* Begin PBXGroup section */
		1D0F622514C617EA00AB1EE9 = {
			isa = PBXGroup;
			children = (
				1D0F626314C619D100AB1EE9 /* CsvLoader.h */,
				1D0F626414C619D100AB1EE9 /* CsvLoader.m */,
				1D0F626514C619D100AB1EE9 /* testdata.csv */,
				1D0F62B114C61AC900AB1EE9 /* GHUnitTest */,
				1D0F623314C617EA00AB1EE9 /* Frameworks */,
				1D0F623114C617EA00AB1EE9 /* Products */,
			);
			sourceTree = "<group>";
		};
		1D0F623114C617EA00AB1EE9 /* Products */ = {
			isa = PBXGroup;
			children = (
				1D0F62AC14C61AC900AB1EE9 /* GHUnitTest.app */,
			);
			name = Products;
			sourceTree = "<group>";
		};
		1D0F623314C617EA00AB1EE9 /* Frameworks */ = {
			isa = PBXGroup;
			children = (
				1D0F623414C617EA00AB1EE9 /* UIKit.framework */,
				1D0F623614C617EA00AB1EE9 /* Foundation.framework */,
				1D0F623814C617EA00AB1EE9 /* CoreGraphics.framework */,
				1D0F624C14C617EB00AB1EE9 /* SenTestingKit.framework */,
				1D0F62C814C61CD100AB1EE9 /* GHUnitIOS.framework */,
			);
			name = Frameworks;
			sourceTree = "<group>";
		};
		1D0F62B114C61AC900AB1EE9 /* GHUnitTest */ = {
			isa = PBXGroup;
			children = (
				1D0F62C414C61B6700AB1EE9 /* CsvLoaderTest.m */,
				1D0F62B214C61AC900AB1EE9 /* Supporting Files */,
			);
			path = GHUnitTest;
			sourceTree = "<group>";
		};
		1D0F62B214C61AC900AB1EE9 /* Supporting Files */ = {
			isa = PBXGroup;
			children = (
				1D0F62B314C61AC900AB1EE9 /* GHUnitTest-Info.plist */,
				1D0F62B414C61AC900AB1EE9 /* InfoPlist.strings */,
				1D0F62B714C61AC900AB1EE9 /* main.m */,
				1D0F62B914C61AC900AB1EE9 /* GHUnitTest-Prefix.pch */,
			);
			name = "Supporting Files";
			sourceTree = "<group>";
		};
/* End PBXGroup section */

/* Begin PBXNativeTarget section */
		1D0F62AB14C61AC900AB1EE9 /* GHUnitTest */ = {
			isa = PBXNativeTarget;
			buildConfigurationList = 1D0F62BD14C61AC900AB1EE9 /* Build configuration list for PBXNativeTarget "GHUnitTest" */;
			buildPhases = (
				1D0F62A814C61AC900AB1EE9 /* Sources */,
				1D0F62A914C61AC900AB1EE9 /* Frameworks */,
				1D0F62AA14C61AC900AB1EE9 /* Resources */,
			);
			buildRules = (
			);
			dependencies = (
			);
			name = GHUnitTest;
			productName = GHUnitTest;
			productReference = 1D0F62AC14C61AC900AB1EE9 /* GHUnitTest.app */;
			productType = "com.apple.product-type.application";
		};
/* End PBXNativeTarget section */

/* Begin PBXProject section */
		1D0F622714C617EA00AB1EE9 /* Project object */ = {
			isa = PBXProject;
			attributes = {
				LastUpgradeCheck = 0420;
				ORGANIZATIONNAME = "HUB Systems, Inc.";
			};
			buildConfigurationList = 1D0F622A14C617EA00AB1EE9 /* Build configuration list for PBXProject "csv-loader" */;
			compatibilityVersion = "Xcode 3.2";
			developmentRegion = English;
			hasScannedForEncodings = 0;
			knownRegions = (
				en,
			);
			mainGroup = 1D0F622514C617EA00AB1EE9;
			productRefGroup = 1D0F623114C617EA00AB1EE9 /* Products */;
			projectDirPath = "";
			projectRoot = "";
			targets = (
				1D0F62AB14C61AC900AB1EE9 /* GHUnitTest */,
			);
		};
/* End PBXProject section */

/* Begin PBXResourcesBuildPhase section */
		1D0F62AA14C61AC900AB1EE9 /* Resources */ = {
			isa = PBXResourcesBuildPhase;
			buildActionMask = 2147483647;
			files = (
				1D0F62C214C61B4500AB1EE9 /* testdata.csv in Resources */,
				1D0F62B614C61AC900AB1EE9 /* InfoPlist.strings in Resources */,
			);
			runOnlyForDeploymentPostprocessing = 0;
		};
/* End PBXResourcesBuildPhase section */

/* Begin PBXSourcesBuildPhase section */
		1D0F62A814C61AC900AB1EE9 /* Sources */ = {
			isa = PBXSourcesBuildPhase;
			buildActionMask = 2147483647;
			files = (
				1D0F62C114C61B3B00AB1EE9 /* CsvLoader.m in Sources */,
				1D0F62B814C61AC900AB1EE9 /* main.m in Sources */,
				1D0F62C514C61B6700AB1EE9 /* CsvLoaderTest.m in Sources */,
			);
			runOnlyForDeploymentPostprocessing = 0;
		};
/* End PBXSourcesBuildPhase section */

/* Begin PBXVariantGroup section */
		1D0F62B414C61AC900AB1EE9 /* InfoPlist.strings */ = {
			isa = PBXVariantGroup;
			children = (
				1D0F62B514C61AC900AB1EE9 /* en */,
			);
			name = InfoPlist.strings;
			sourceTree = "<group>";
		};
/* End PBXVariantGroup section */

/* Begin XCBuildConfiguration section */
		1D0F625B14C617EB00AB1EE9 /* Debug */ = {
			isa = XCBuildConfiguration;
			buildSettings = {
				ALWAYS_SEARCH_USER_PATHS = NO;
				ARCHS = "$(ARCHS_STANDARD_32_BIT)";
				"CODE_SIGN_IDENTITY[sdk=iphoneos*]" = "iPhone Developer";
				COPY_PHASE_STRIP = NO;
				GCC_C_LANGUAGE_STANDARD = gnu99;
				GCC_DYNAMIC_NO_PIC = NO;
				GCC_OPTIMIZATION_LEVEL = 0;
				GCC_PREPROCESSOR_DEFINITIONS = (
					"DEBUG=1",
					"$(inherited)",
				);
				GCC_SYMBOLS_PRIVATE_EXTERN = NO;
				GCC_VERSION = com.apple.compilers.llvm.clang.1_0;
				GCC_WARN_ABOUT_MISSING_PROTOTYPES = YES;
				GCC_WARN_ABOUT_RETURN_TYPE = YES;
				GCC_WARN_UNUSED_VARIABLE = YES;
				IPHONEOS_DEPLOYMENT_TARGET = 3.0;
				SDKROOT = iphoneos;
			};
			name = Debug;
		};
		1D0F625C14C617EB00AB1EE9 /* Release */ = {
			isa = XCBuildConfiguration;
			buildSettings = {
				ALWAYS_SEARCH_USER_PATHS = NO;
				ARCHS = "$(ARCHS_STANDARD_32_BIT)";
				"CODE_SIGN_IDENTITY[sdk=iphoneos*]" = "iPhone Developer";
				COPY_PHASE_STRIP = YES;
				GCC_C_LANGUAGE_STANDARD = gnu99;
				GCC_VERSION = com.apple.compilers.llvm.clang.1_0;
				GCC_WARN_ABOUT_MISSING_PROTOTYPES = YES;
				GCC_WARN_ABOUT_RETURN_TYPE = YES;
				GCC_WARN_UNUSED_VARIABLE = YES;
				IPHONEOS_DEPLOYMENT_TARGET = 3.0;
				OTHER_CFLAGS = "-DNS_BLOCK_ASSERTIONS=1";
				SDKROOT = iphoneos;
				VALIDATE_PRODUCT = YES;
			};
			name = Release;
		};
		1D0F62BE14C61AC900AB1EE9 /* Debug */ = {
			isa = XCBuildConfiguration;
			buildSettings = {
				"CODE_SIGN_IDENTITY[sdk=iphoneos*]" = "iPhone Developer";
				FRAMEWORK_SEARCH_PATHS = (
					"$(inherited)",
					"\"$(SRCROOT)/../ios-frameworks\"",
				);
				GCC_PRECOMPILE_PREFIX_HEADER = YES;
				GCC_PREFIX_HEADER = "GHUnitTest/GHUnitTest-Prefix.pch";
				INFOPLIST_FILE = "GHUnitTest/GHUnitTest-Info.plist";
				OTHER_LDFLAGS = (
					"-ObjC",
					"-all_load",
				);
				PRODUCT_NAME = "$(TARGET_NAME)";
				WRAPPER_EXTENSION = app;
			};
			name = Debug;
		};
		1D0F62BF14C61AC900AB1EE9 /* Release */ = {
			isa = XCBuildConfiguration;
			buildSettings = {
				"CODE_SIGN_IDENTITY[sdk=iphoneos*]" = "iPhone Developer";
				FRAMEWORK_SEARCH_PATHS = (
					"$(inherited)",
					"\"$(SRCROOT)/../ios-frameworks\"",
				);
				GCC_PRECOMPILE_PREFIX_HEADER = YES;
				GCC_PREFIX_HEADER = "GHUnitTest/GHUnitTest-Prefix.pch";
				INFOPLIST_FILE = "GHUnitTest/GHUnitTest-Info.plist";
				OTHER_LDFLAGS = (
					"-ObjC",
					"-all_load",
				);
				PRODUCT_NAME = "$(TARGET_NAME)";
				WRAPPER_EXTENSION = app;
			};
			name = Release;
		};
/* End XCBuildConfiguration section */

/* Begin XCConfigurationList section */
		1D0F622A14C617EA00AB1EE9 /* Build configuration list for PBXProject "csv-loader" */ = {
			isa = XCConfigurationList;
			buildConfigurations = (
				1D0F625B14C617EB00AB1EE9 /* Debug */,
				1D0F625C14C617EB00AB1EE9 /* Release */,
			);
			defaultConfigurationIsVisible = 0;
			defaultConfigurationName = Release;
		};
		1D0F62BD14C61AC900AB1EE9 /* Build configuration list for PBXNativeTarget "GHUnitTest" */ = {
			isa = XCConfigurationList;
			buildConfigurations = (
				1D0F62BE14C61AC900AB1EE9 /* Debug */,
				1D0F62BF14C61AC900AB1EE9 /* Release */,
			);
			defaultConfigurationIsVisible = 0;
			defaultConfigurationName = Release;
		};
/* End XCConfigurationList section */
	};
	rootObject = 1D0F622714C617EA00AB1EE9 /* Project object */;
}
